
Microsoft Visual Studio Solution File, Format Version 12.00
# Visual Studio Version 16
VisualStudioVersion = 16.0.31205.134
MinimumVisualStudioVersion = 10.0.40219.1
Project("{2150E333-8FDC-42A3-9474-1A3956D46DE8}") = "1.API", "1.API", "{1BB0966F-CE8C-4D93-A3D8-0FE1E9CF704E}"
EndProject
Project("{2150E333-8FDC-42A3-9474-1A3956D46DE8}") = "2. Domain", "2. Domain", "{25AA8A15-774D-4237-A8E6-EAFF50D73734}"
EndProject
Project("{2150E333-8FDC-42A3-9474-1A3956D46DE8}") = "3. Infra", "3. Infra", "{FB7EE72D-EFA9-4D7A-B65D-F71B18C62AA7}"
EndProject
Project("{2150E333-8FDC-42A3-9474-1A3956D46DE8}") = "4. Shared", "4. Shared", "{7DA0E378-BBA6-45A1-BB97-8037A286EED0}"
EndProject
Project("{2150E333-8FDC-42A3-9474-1A3956D46DE8}") = "5. Tests", "5. Tests", "{2FA71DA5-9201-4ECD-A3F1-1A88002E13D8}"
EndProject
Project("{FAE04EC0-301F-11D3-BF4B-00C04F79EFBC}") = "Friend.API", "Friend.API\Friend.API.csproj", "{61D62749-0BED-4187-8DF4-592F09881CAC}"
EndProject
Project("{FAE04EC0-301F-11D3-BF4B-00C04F79EFBC}") = "Friend.Domain", "Friend.Domain\Friend.Domain.csproj", "{B9C78CF0-1A06-49ED-B748-FF2AD9C96F4F}"
EndProject
Project("{2150E333-8FDC-42A3-9474-1A3956D46DE8}") = "3.1 Data", "3.1 Data", "{FD3D49E4-0842-4224-A660-9C3D27967C02}"
EndProject
Project("{2150E333-8FDC-42A3-9474-1A3956D46DE8}") = "3.2 IoC", "3.2 IoC", "{38506FA7-1B69-4613-84B9-C172CC370D97}"
EndProject
Project("{FAE04EC0-301F-11D3-BF4B-00C04F79EFBC}") = "Friend.Infra.Data", "Friend.Infra.Data\Friend.Infra.Data.csproj", "{23964C7B-7B83-4DBF-8D45-FE4B292651FA}"
EndProject
Project("{FAE04EC0-301F-11D3-BF4B-00C04F79EFBC}") = "Friend.Infra.IoC", "Friend.Infra.IoC\Friend.Infra.IoC.csproj", "{8F412E11-57E0-4B3A-B198-71B6BEB99F45}"
EndProject
Project("{FAE04EC0-301F-11D3-BF4B-00C04F79EFBC}") = "Friend.Shared", "Friend.Shared\Friend.Shared.csproj", "{6C8E6725-73E1-43D9-8B9E-7E6E4C31866D}"
EndProject
Project("{FAE04EC0-301F-11D3-BF4B-00C04F79EFBC}") = "Friend.Tests", "Friend.Tests\Friend.Tests.csproj", "{93A9A60F-04D1-4DEE-8B59-EBAA0A3493C0}"
EndProject
Global
	GlobalSection(SolutionConfigurationPlatforms) = preSolution
		Debug|Any CPU = Debug|Any CPU
		Release|Any CPU = Release|Any CPU
	EndGlobalSection
	GlobalSection(ProjectConfigurationPlatforms) = postSolution
		{61D62749-0BED-4187-8DF4-592F09881CAC}.Debug|Any CPU.ActiveCfg = Debug|Any CPU
		{61D62749-0BED-4187-8DF4-592F09881CAC}.Debug|Any CPU.Build.0 = Debug|Any CPU
		{61D62749-0BED-4187-8DF4-592F09881CAC}.Release|Any CPU.ActiveCfg = Release|Any CPU
		{61D62749-0BED-4187-8DF4-592F09881CAC}.Release|Any CPU.Build.0 = Release|Any CPU
		{B9C78CF0-1A06-49ED-B748-FF2AD9C96F4F}.Debug|Any CPU.ActiveCfg = Debug|Any CPU
		{B9C78CF0-1A06-49ED-B748-FF2AD9C96F4F}.Debug|Any CPU.Build.0 = Debug|Any CPU
		{B9C78CF0-1A06-49ED-B748-FF2AD9C96F4F}.Release|Any CPU.ActiveCfg = Release|Any CPU
		{B9C78CF0-1A06-49ED-B748-FF2AD9C96F4F}.Release|Any CPU.Build.0 = Release|Any CPU
		{23964C7B-7B83-4DBF-8D45-FE4B292651FA}.Debug|Any CPU.ActiveCfg = Debug|Any CPU
		{23964C7B-7B83-4DBF-8D45-FE4B292651FA}.Debug|Any CPU.Build.0 = Debug|Any CPU
		{23964C7B-7B83-4DBF-8D45-FE4B292651FA}.Release|Any CPU.ActiveCfg = Release|Any CPU
		{23964C7B-7B83-4DBF-8D45-FE4B292651FA}.Release|Any CPU.Build.0 = Release|Any CPU
		{8F412E11-57E0-4B3A-B198-71B6BEB99F45}.Debug|Any CPU.ActiveCfg = Debug|Any CPU
		{8F412E11-57E0-4B3A-B198-71B6BEB99F45}.Debug|Any CPU.Build.0 = Debug|Any CPU
		{8F412E11-57E0-4B3A-B198-71B6BEB99F45}.Release|Any CPU.ActiveCfg = Release|Any CPU
		{8F412E11-57E0-4B3A-B198-71B6BEB99F45}.Release|Any CPU.Build.0 = Release|Any CPU
		{6C8E6725-73E1-43D9-8B9E-7E6E4C31866D}.Debug|Any CPU.ActiveCfg = Debug|Any CPU
		{6C8E6725-73E1-43D9-8B9E-7E6E4C31866D}.Debug|Any CPU.Build.0 = Debug|Any CPU
		{6C8E6725-73E1-43D9-8B9E-7E6E4C31866D}.Release|Any CPU.ActiveCfg = Release|Any CPU
		{6C8E6725-73E1-43D9-8B9E-7E6E4C31866D}.Release|Any CPU.Build.0 = Release|Any CPU
		{93A9A60F-04D1-4DEE-8B59-EBAA0A3493C0}.Debug|Any CPU.ActiveCfg = Debug|Any CPU
		{93A9A60F-04D1-4DEE-8B59-EBAA0A3493C0}.Debug|Any CPU.Build.0 = Debug|Any CPU
		{93A9A60F-04D1-4DEE-8B59-EBAA0A3493C0}.Release|Any CPU.ActiveCfg = Release|Any CPU
		{93A9A60F-04D1-4DEE-8B59-EBAA0A3493C0}.Release|Any CPU.Build.0 = Release|Any CPU
	EndGlobalSection
	GlobalSection(SolutionProperties) = preSolution
		HideSolutionNode = FALSE
	EndGlobalSection
	GlobalSection(NestedProjects) = preSolution
		{61D62749-0BED-4187-8DF4-592F09881CAC} = {1BB0966F-CE8C-4D93-A3D8-0FE1E9CF704E}
		{B9C78CF0-1A06-49ED-B748-FF2AD9C96F4F} = {25AA8A15-774D-4237-A8E6-EAFF50D73734}
		{FD3D49E4-0842-4224-A660-9C3D27967C02} = {FB7EE72D-EFA9-4D7A-B65D-F71B18C62AA7}
		{38506FA7-1B69-4613-84B9-C172CC370D97} = {FB7EE72D-EFA9-4D7A-B65D-F71B18C62AA7}
		{23964C7B-7B83-4DBF-8D45-FE4B292651FA} = {FD3D49E4-0842-4224-A660-9C3D27967C02}
		{8F412E11-57E0-4B3A-B198-71B6BEB99F45} = {38506FA7-1B69-4613-84B9-C172CC370D97}
		{6C8E6725-73E1-43D9-8B9E-7E6E4C31866D} = {7DA0E378-BBA6-45A1-BB97-8037A286EED0}
		{93A9A60F-04D1-4DEE-8B59-EBAA0A3493C0} = {2FA71DA5-9201-4ECD-A3F1-1A88002E13D8}
	EndGlobalSection
	GlobalSection(ExtensibilityGlobals) = postSolution
		SolutionGuid = {BDF2AC66-85A4-4C90-B7D1-3F530E7B47E7}
	EndGlobalSection
EndGlobal
